
Microsoft Visual Studio Solution File, Format Version 12.00
# Visual Studio Version 16
VisualStudioVersion = 16.0.31321.278
MinimumVisualStudioVersion = 10.0.40219.1
Project("{FAE04EC0-301F-11D3-BF4B-00C04F79EFBC}") = "PSI", "PSI\PSI.csproj", "{FB9935E4-EDEC-454C-B397-00F50A7B74CC}"
EndProject
Global
	GlobalSection(SolutionConfigurationPlatforms) = preSolution
		Debug|Any CPU = Debug|Any CPU
		Release|Any CPU = Release|Any CPU
	EndGlobalSection
	GlobalSection(ProjectConfigurationPlatforms) = postSolution
		{FB9935E4-EDEC-454C-B397-00F50A7B74CC}.Debug|Any CPU.ActiveCfg = Debug|Any CPU
		{FB9935E4-EDEC-454C-B397-00F50A7B74CC}.Debug|Any CPU.Build.0 = Debug|Any CPU
		{FB9935E4-EDEC-454C-B397-00F50A7B74CC}.Release|Any CPU.ActiveCfg = Release|Any CPU
		{FB9935E4-EDEC-454C-B397-00F50A7B74CC}.Release|Any CPU.Build.0 = Release|Any CPU
	EndGlobalSection
	GlobalSection(SolutionProperties) = preSolution
		HideSolutionNode = FALSE
	EndGlobalSection
	GlobalSection(ExtensibilityGlobals) = postSolution
		SolutionGuid = {0C24B7E8-A324-4A6B-AF4E-24C9DE0C5E81}
	EndGlobalSection
EndGlobal
